
Microsoft Visual Studio Solution File, Format Version 12.00
# Visual Studio Version 16
VisualStudioVersion = 16.0.31112.23
MinimumVisualStudioVersion = 10.0.40219.1
Project("{FAE04EC0-301F-11D3-BF4B-00C04F79EFBC}") = "Logica", "TP3\Logica.csproj", "{FEAC4932-6878-4334-B5AE-9277528BCEF5}"
EndProject
Project("{FAE04EC0-301F-11D3-BF4B-00C04F79EFBC}") = "Test", "UnitTestFabrica\Test.csproj", "{B528FDBF-7257-4E42-9E1C-3CC98A74C21A}"
EndProject
Project("{FAE04EC0-301F-11D3-BF4B-00C04F79EFBC}") = "Forms", "FrmPrincipal\Forms.csproj", "{BB3942C7-78A2-4392-A4DA-D88ED18000BD}"
EndProject
Global
	GlobalSection(SolutionConfigurationPlatforms) = preSolution
		Debug|Any CPU = Debug|Any CPU
		Release|Any CPU = Release|Any CPU
	EndGlobalSection
	GlobalSection(ProjectConfigurationPlatforms) = postSolution
		{FEAC4932-6878-4334-B5AE-9277528BCEF5}.Debug|Any CPU.ActiveCfg = Debug|Any CPU
		{FEAC4932-6878-4334-B5AE-9277528BCEF5}.Debug|Any CPU.Build.0 = Debug|Any CPU
		{FEAC4932-6878-4334-B5AE-9277528BCEF5}.Release|Any CPU.ActiveCfg = Release|Any CPU
		{FEAC4932-6878-4334-B5AE-9277528BCEF5}.Release|Any CPU.Build.0 = Release|Any CPU
		{B528FDBF-7257-4E42-9E1C-3CC98A74C21A}.Debug|Any CPU.ActiveCfg = Debug|Any CPU
		{B528FDBF-7257-4E42-9E1C-3CC98A74C21A}.Debug|Any CPU.Build.0 = Debug|Any CPU
		{B528FDBF-7257-4E42-9E1C-3CC98A74C21A}.Release|Any CPU.ActiveCfg = Release|Any CPU
		{B528FDBF-7257-4E42-9E1C-3CC98A74C21A}.Release|Any CPU.Build.0 = Release|Any CPU
		{BB3942C7-78A2-4392-A4DA-D88ED18000BD}.Debug|Any CPU.ActiveCfg = Debug|Any CPU
		{BB3942C7-78A2-4392-A4DA-D88ED18000BD}.Debug|Any CPU.Build.0 = Debug|Any CPU
		{BB3942C7-78A2-4392-A4DA-D88ED18000BD}.Release|Any CPU.ActiveCfg = Release|Any CPU
		{BB3942C7-78A2-4392-A4DA-D88ED18000BD}.Release|Any CPU.Build.0 = Release|Any CPU
	EndGlobalSection
	GlobalSection(SolutionProperties) = preSolution
		HideSolutionNode = FALSE
	EndGlobalSection
	GlobalSection(ExtensibilityGlobals) = postSolution
		SolutionGuid = {1E69DBB5-D78D-4F69-A057-813336AAF037}
	EndGlobalSection
EndGlobal
